
Microsoft Visual Studio Solution File, Format Version 12.00
# Visual Studio Version 17
VisualStudioVersion = 17.11.35327.3
MinimumVisualStudioVersion = 10.0.40219.1
Project("{8BC9CEB8-8B4A-11D0-8D11-00A0C91BC942}") = "one-dimensional_4", "one-dimensional_4.vcxproj", "{AE4E981F-FCF7-4A5A-B418-23380CAA02C2}"
EndProject
Global
	GlobalSection(SolutionConfigurationPlatforms) = preSolution
		Debug|x64 = Debug|x64
		Debug|x86 = Debug|x86
		Release|x64 = Release|x64
		Release|x86 = Release|x86
	EndGlobalSection
	GlobalSection(ProjectConfigurationPlatforms) = postSolution
		{AE4E981F-FCF7-4A5A-B418-23380CAA02C2}.Debug|x64.ActiveCfg = Debug|x64
		{AE4E981F-FCF7-4A5A-B418-23380CAA02C2}.Debug|x64.Build.0 = Debug|x64
		{AE4E981F-FCF7-4A5A-B418-23380CAA02C2}.Debug|x86.ActiveCfg = Debug|Win32
		{AE4E981F-FCF7-4A5A-B418-23380CAA02C2}.Debug|x86.Build.0 = Debug|Win32
		{AE4E981F-FCF7-4A5A-B418-23380CAA02C2}.Release|x64.ActiveCfg = Release|x64
		{AE4E981F-FCF7-4A5A-B418-23380CAA02C2}.Release|x64.Build.0 = Release|x64
		{AE4E981F-FCF7-4A5A-B418-23380CAA02C2}.Release|x86.ActiveCfg = Release|Win32
		{AE4E981F-FCF7-4A5A-B418-23380CAA02C2}.Release|x86.Build.0 = Release|Win32
	EndGlobalSection
	GlobalSection(SolutionProperties) = preSolution
		HideSolutionNode = FALSE
	EndGlobalSection
	GlobalSection(ExtensibilityGlobals) = postSolution
		SolutionGuid = {3ADA1DCD-BEDD-4BA8-8A70-53E8A48C2526}
	EndGlobalSection
EndGlobal
