
Microsoft Visual Studio Solution File, Format Version 12.00
# Visual Studio Version 17
VisualStudioVersion = 17.11.35327.3
MinimumVisualStudioVersion = 10.0.40219.1
Project("{8BC9CEB8-8B4A-11D0-8D11-00A0C91BC942}") = "Queue_pr_1", "Queue_pr_1.vcxproj", "{A819C97B-4AFC-4B6E-92FF-4EC4125DE906}"
EndProject
Global
	GlobalSection(SolutionConfigurationPlatforms) = preSolution
		Debug|x64 = Debug|x64
		Debug|x86 = Debug|x86
		Release|x64 = Release|x64
		Release|x86 = Release|x86
	EndGlobalSection
	GlobalSection(ProjectConfigurationPlatforms) = postSolution
		{A819C97B-4AFC-4B6E-92FF-4EC4125DE906}.Debug|x64.ActiveCfg = Debug|x64
		{A819C97B-4AFC-4B6E-92FF-4EC4125DE906}.Debug|x64.Build.0 = Debug|x64
		{A819C97B-4AFC-4B6E-92FF-4EC4125DE906}.Debug|x86.ActiveCfg = Debug|Win32
		{A819C97B-4AFC-4B6E-92FF-4EC4125DE906}.Debug|x86.Build.0 = Debug|Win32
		{A819C97B-4AFC-4B6E-92FF-4EC4125DE906}.Release|x64.ActiveCfg = Release|x64
		{A819C97B-4AFC-4B6E-92FF-4EC4125DE906}.Release|x64.Build.0 = Release|x64
		{A819C97B-4AFC-4B6E-92FF-4EC4125DE906}.Release|x86.ActiveCfg = Release|Win32
		{A819C97B-4AFC-4B6E-92FF-4EC4125DE906}.Release|x86.Build.0 = Release|Win32
	EndGlobalSection
	GlobalSection(SolutionProperties) = preSolution
		HideSolutionNode = FALSE
	EndGlobalSection
	GlobalSection(ExtensibilityGlobals) = postSolution
		SolutionGuid = {2CA92869-715B-407B-99BF-4DB8AF5F5309}
	EndGlobalSection
EndGlobal
